
# cargo-vet imports lock

[[publisher.bumpalo]]
version = "3.20.2"
when = "2026-02-19"
user-id = 696
user-login = "fitzgen"
user-name = "Nick Fitzgerald"

[[publisher.unicode-xid]]
version = "0.2.6"
when = "2024-09-19"
user-id = 1139
user-login = "Manishearth"
user-name = "Manish Goregaokar"

[[publisher.wasip2]]
version = "1.0.2+wasi-0.2.9"
when = "2026-01-15"
user-id = 1
user-login = "alexcrichton"
user-name = "Alex Crichton"

[[publisher.wasip3]]
version = "0.4.0+wasi-0.3.0-rc-2026-01-06"
when = "2026-01-15"
user-id = 1
user-login = "alexcrichton"
user-name = "Alex Crichton"

[[publisher.wasm-encoder]]
version = "0.244.0"
when = "2026-01-06"
trusted-publisher = "github:bytecodealliance/wasm-tools"

[[publisher.wasm-metadata]]
version = "0.236.0"
when = "2025-07-28"
user-id = 73222
user-login = "wasmtime-publish"

[[publisher.wasmparser]]
version = "0.244.0"
when = "2026-01-06"
trusted-publisher = "github:bytecodealliance/wasm-tools"

[[publisher.wit-bindgen]]
version = "0.51.0"
when = "2026-01-12"
trusted-publisher = "github:bytecodealliance/wit-bindgen"

[[publisher.wit-bindgen-core]]
version = "0.51.0"
when = "2026-01-12"
trusted-publisher = "github:bytecodealliance/wit-bindgen"

[[publisher.wit-bindgen-rust]]
version = "0.51.0"
when = "2026-01-12"
trusted-publisher = "github:bytecodealliance/wit-bindgen"

[[publisher.wit-bindgen-rust-macro]]
version = "0.51.0"
when = "2026-01-12"
trusted-publisher = "github:bytecodealliance/wit-bindgen"

[[publisher.wit-component]]
version = "0.244.0"
when = "2026-01-06"
trusted-publisher = "github:bytecodealliance/wasm-tools"

[[publisher.wit-parser]]
version = "0.244.0"
when = "2026-01-06"
trusted-publisher = "github:bytecodealliance/wasm-tools"

[[audits.bytecode-alliance.wildcard-audits.bumpalo]]
who = "Nick Fitzgerald <fitzgen@gmail.com>"
criteria = "safe-to-deploy"
user-id = 696 # Nick Fitzgerald (fitzgen)
start = "2019-03-16"
end = "2026-08-21"

[[audits.bytecode-alliance.wildcard-audits.wasip2]]
who = "Alex Crichton <alex@alexcrichton.com>"
criteria = "safe-to-deploy"
user-id = 1 # Alex Crichton (alexcrichton)
start = "2025-08-10"
end = "2026-08-21"
notes = """
This is a Bytecode Alliance authored crate.
"""

[[audits.bytecode-alliance.wildcard-audits.wasip3]]
who = "Alex Crichton <alex@alexcrichton.com>"
criteria = "safe-to-deploy"
user-id = 1 # Alex Crichton (alexcrichton)
start = "2025-09-10"
end = "2026-08-21"
notes = """
This is a Bytecode Alliance authored crate.
"""

[[audits.bytecode-alliance.wildcard-audits.wasm-encoder]]
who = "Alex Crichton <alex@alexcrichton.com>"
criteria = "safe-to-deploy"
trusted-publisher = "github:bytecodealliance/wasm-tools"
start = "2025-08-14"
end = "2027-01-08"
notes = "The Bytecode Alliance is the author of this crate"

[[audits.bytecode-alliance.wildcard-audits.wasm-metadata]]
who = "Alex Crichton <alex@alexcrichton.com>"
criteria = "safe-to-deploy"
user-id = 73222 # wasmtime-publish
start = "2023-01-01"
end = "2026-06-03"
notes = """
The Bytecode Alliance uses the `wasmtime-publish` crates.io account to automate
publication of this crate from CI. This repository requires all PRs are reviewed
by a Bytecode Alliance maintainer and it owned by the Bytecode Alliance itself.
"""

[[audits.bytecode-alliance.wildcard-audits.wasmparser]]
who = "Alex Crichton <alex@alexcrichton.com>"
criteria = "safe-to-deploy"
trusted-publisher = "github:bytecodealliance/wasm-tools"
start = "2025-08-14"
end = "2027-01-08"
notes = "The Bytecode Alliance is the author of this crate"

[[audits.bytecode-alliance.wildcard-audits.wit-bindgen]]
who = "Alex Crichton <alex@alexcrichton.com>"
criteria = "safe-to-deploy"
trusted-publisher = "github:bytecodealliance/wit-bindgen"
start = "2025-08-13"
end = "2027-01-08"
notes = "The Bytecode Alliance is the author of this crate"

[[audits.bytecode-alliance.wildcard-audits.wit-bindgen-core]]
who = "Alex Crichton <alex@alexcrichton.com>"
criteria = "safe-to-deploy"
trusted-publisher = "github:bytecodealliance/wit-bindgen"
start = "2025-08-13"
end = "2027-01-08"
notes = "The Bytecode Alliance is the author of this crate"

[[audits.bytecode-alliance.wildcard-audits.wit-bindgen-rust]]
who = "Alex Crichton <alex@alexcrichton.com>"
criteria = "safe-to-deploy"
trusted-publisher = "github:bytecodealliance/wit-bindgen"
start = "2025-08-13"
end = "2027-01-12"
notes = "The Bytecode Alliance is the author of this crate"

[[audits.bytecode-alliance.wildcard-audits.wit-bindgen-rust-macro]]
who = "Alex Crichton <alex@alexcrichton.com>"
criteria = "safe-to-deploy"
trusted-publisher = "github:bytecodealliance/wit-bindgen"
start = "2025-08-13"
end = "2027-01-08"
notes = "The Bytecode Alliance is the author of this crate"

[[audits.bytecode-alliance.wildcard-audits.wit-component]]
who = "Alex Crichton <alex@alexcrichton.com>"
criteria = "safe-to-deploy"
trusted-publisher = "github:bytecodealliance/wasm-tools"
start = "2025-08-14"
end = "2027-01-08"
notes = "The Bytecode Alliance is the author of this crate"

[[audits.bytecode-alliance.wildcard-audits.wit-parser]]
who = "Alex Crichton <alex@alexcrichton.com>"
criteria = "safe-to-deploy"
trusted-publisher = "github:bytecodealliance/wasm-tools"
start = "2025-08-14"
end = "2027-01-08"
notes = "The Bytecode Alliance is the author of this crate"

[[audits.bytecode-alliance.audits.heck]]
who = "Alex Crichton <alex@alexcrichton.com>"
criteria = "safe-to-deploy"
delta = "0.4.1 -> 0.5.0"
notes = "Minor changes for a `no_std` upgrade but otherwise everything looks as expected."

[[audits.bytecode-alliance.audits.iana-time-zone-haiku]]
who = "Dan Gohman <dev@sunfishcode.online>"
criteria = "safe-to-deploy"
version = "0.1.2"

[[audits.bytecode-alliance.audits.leb128fmt]]
who = "Alex Crichton <alex@alexcrichton.com>"
criteria = "safe-to-deploy"
version = "0.1.0"
notes = "Well-scoped crate do doing LEB encoding with no `unsafe` code and does what it says on the tin."

[[audits.bytecode-alliance.audits.shlex]]
who = "Alex Crichton <alex@alexcrichton.com>"
criteria = "safe-to-deploy"
version = "1.1.0"
notes = "Only minor `unsafe` code blocks which look valid and otherwise does what it says on the tin."

[[audits.bytecode-alliance.audits.unarray]]
who = "Alex Crichton <alex@alexcrichton.com>"
criteria = "safe-to-deploy"
version = "0.1.4"
notes = """
Crate is sound, albeit leaky, and not actively malicious. Probably not the best
crate to use in practice but it's suitable for testing dependencies.
"""

[[audits.bytecode-alliance.audits.wasm-metadata]]
who = "Alex Crichton <alex@alexcrichton.com>"
criteria = "safe-to-deploy"
delta = "0.236.0 -> 0.237.0"
notes = "The Bytecode Alliance is the author of this crate"

[[audits.bytecode-alliance.audits.wasm-metadata]]
who = "Alex Crichton <alex@alexcrichton.com>"
criteria = "safe-to-deploy"
delta = "0.237.0 -> 0.238.1"
notes = "The Bytecode Alliance is the author of this crate"

[[audits.bytecode-alliance.audits.wasm-metadata]]
who = "Alex Crichton <alex@alexcrichton.com>"
criteria = "safe-to-deploy"
delta = "0.238.1 -> 0.239.0"
notes = "The Bytecode Alliance is the author of this crate"

[[audits.bytecode-alliance.audits.wasm-metadata]]
who = "Alex Crichton <alex@alexcrichton.com>"
criteria = "safe-to-deploy"
delta = "0.239.0 -> 0.240.0"
notes = "The Bytecode Alliance is the author of this crate"

[[audits.bytecode-alliance.audits.wasm-metadata]]
who = "Alex Crichton <alex@alexcrichton.com>"
criteria = "safe-to-deploy"
delta = "0.240.0 -> 0.241.2"
notes = "The Bytecode Alliance is the author of this crate"

[[audits.bytecode-alliance.audits.wasm-metadata]]
who = "Alex Crichton <alex@alexcrichton.com>"
criteria = "safe-to-deploy"
delta = "0.241.2 -> 0.242.0"
notes = "The Bytecode Alliance is the author of this crate"

[[audits.bytecode-alliance.audits.wasm-metadata]]
who = "Alex Crichton <alex@alexcrichton.com>"
criteria = "safe-to-deploy"
delta = "0.242.0 -> 0.243.0"
notes = "The Bytecode Alliance is the author of this crate"

[[audits.bytecode-alliance.audits.wasm-metadata]]
who = "Alex Crichton <alex@alexcrichton.com>"
criteria = "safe-to-deploy"
delta = "0.243.0 -> 0.244.0"
notes = "The Bytecode Alliance is the author of this crate"

[[audits.google.audits.core-foundation-sys]]
who = "Manish Goregaokar <manishearth@google.com>"
criteria = "safe-to-deploy"
version = "0.8.7"
notes = "OSX system APIs"
aggregated-from = "https://chromium.googlesource.com/chromium/src/+/main/third_party/rust/chromium_crates_io/supply-chain/audits.toml?format=TEXT"

[[audits.google.audits.equivalent]]
who = "George Burgess IV <gbiv@google.com>"
criteria = "safe-to-deploy"
version = "1.0.1"
aggregated-from = "https://chromium.googlesource.com/chromiumos/third_party/rust_crates/+/refs/heads/main/cargo-vet/audits.toml?format=TEXT"

[[audits.google.audits.equivalent]]
who = "Jonathan Hao <phao@chromium.org>"
criteria = "safe-to-deploy"
delta = "1.0.1 -> 1.0.2"
notes = "No changes to any .rs files or Rust code."
aggregated-from = "https://chromium.googlesource.com/chromium/src/+/main/third_party/rust/chromium_crates_io/supply-chain/audits.toml?format=TEXT"

[[audits.google.audits.foldhash]]
who = "Lukasz Anforowicz <lukasza@chromium.org>"
criteria = "safe-to-deploy"
version = "0.1.3"
notes = """
`ub-risk-2` review notes can be found in https://crrev.com/c/6071306/5/third_party/rust/chromium_crates_io/vendor/foldhash-0.1.3/src/seed.rs

`does-not-implement-crypto` based on `README.md` which explicitly says that
"Foldhash is **not appropriate for any cryptographic purpose**."
"""
aggregated-from = "https://chromium.googlesource.com/chromium/src/+/main/third_party/rust/chromium_crates_io/supply-chain/audits.toml?format=TEXT"

[[audits.google.audits.foldhash]]
who = "Adrian Taylor <adetaylor@chromium.org>"
criteria = "safe-to-deploy"
delta = "0.1.3 -> 0.1.4"
notes = "No changes to safety-relevant code"
aggregated-from = "https://chromium.googlesource.com/chromium/src/+/main/third_party/rust/chromium_crates_io/supply-chain/audits.toml?format=TEXT"

[[audits.google.audits.foldhash]]
who = "Chris Palmer <palmer@google.com>"
criteria = "safe-to-deploy"
delta = "0.1.4 -> 0.1.5"
notes = "No new `unsafe`."
aggregated-from = "https://chromium.googlesource.com/chromium/src/+/main/third_party/rust/chromium_crates_io/supply-chain/audits.toml?format=TEXT"

[[audits.google.audits.heck]]
who = "Lukasz Anforowicz <lukasza@chromium.org>"
criteria = "safe-to-deploy"
version = "0.4.1"
notes = """
Grepped for `-i cipher`, `-i crypto`, `'\bfs\b'``, `'\bnet\b'``, `'\bunsafe\b'``
and there were no hits.

`heck` (version `0.3.3`) has been added to Chromium in
https://source.chromium.org/chromium/chromium/src/+/28841c33c77833cc30b286f9ae24c97e7a8f4057
"""
aggregated-from = "https://chromium.googlesource.com/chromium/src/+/main/third_party/rust/chromium_crates_io/supply-chain/audits.toml?format=TEXT"

[[audits.google.audits.log]]
who = "danakj <danakj@chromium.org>"
criteria = "safe-to-deploy"
version = "0.4.22"
notes = """
Unsafe review in https://docs.google.com/document/d/1IXQbD1GhTRqNHIGxq6yy7qHqxeO4CwN5noMFXnqyDIM/edit?usp=sharing

Unsafety is generally very well-documented, with one exception, which we
describe in the review doc.
"""
aggregated-from = "https://chromium.googlesource.com/chromium/src/+/main/third_party/rust/chromium_crates_io/supply-chain/audits.toml?format=TEXT"

[[audits.google.audits.log]]
who = "Lukasz Anforowicz <lukasza@chromium.org>"
criteria = "safe-to-deploy"
delta = "0.4.22 -> 0.4.25"
notes = "No impact on `unsafe` usage in `lib.rs`."
aggregated-from = "https://chromium.googlesource.com/chromium/src/+/main/third_party/rust/chromium_crates_io/supply-chain/audits.toml?format=TEXT"

[[audits.google.audits.log]]
who = "Daniel Cheng <dcheng@chromium.org>"
criteria = "safe-to-deploy"
delta = "0.4.25 -> 0.4.26"
notes = "Only trivial code and documentation changes."
aggregated-from = "https://chromium.googlesource.com/chromium/src/+/main/third_party/rust/chromium_crates_io/supply-chain/audits.toml?format=TEXT"

[[audits.google.audits.num-traits]]
who = "Manish Goregaokar <manishearth@google.com>"
criteria = "safe-to-deploy"
version = "0.2.19"
notes = "Contains a single line of float-to-int unsafe with decent safety comments"
aggregated-from = "https://chromium.googlesource.com/chromium/src/+/main/third_party/rust/chromium_crates_io/supply-chain/audits.toml?format=TEXT"

[[audits.google.audits.ppv-lite86]]
who = "danakj@chromium.org"
criteria = "safe-to-run"
version = "0.2.17"
notes = """
Reviewed in https://crrev.com/c/5171063

Previously reviewed during security review and the audit is grandparented in.
"""
aggregated-from = "https://chromium.googlesource.com/chromium/src/+/main/third_party/rust/chromium_crates_io/supply-chain/audits.toml?format=TEXT"

[[audits.google.audits.ppv-lite86]]
who = "danakj <danakj@chromium.org>"
criteria = "safe-to-run"
delta = "0.2.17 -> 0.2.20"
notes = "Using zerocopy to reduce unsafe usage."
aggregated-from = "https://chromium.googlesource.com/chromium/src/+/main/third_party/rust/chromium_crates_io/supply-chain/audits.toml?format=TEXT"

[[audits.google.audits.ppv-lite86]]
who = "Lukasz Anforowicz <lukasza@chromium.org>"
criteria = "safe-to-run"
delta = "0.2.20 -> 0.2.21"
notes = """
The delta mostly corresponds to @joshlf's
https://github.com/cryptocorrosion/cryptocorrosion/pull/85 which started
using an undocumented API that `zerocopy` has provided specifically for
`ppv-lite86` in https://github.com/google/zerocopy/pull/2418.
"""
aggregated-from = "https://chromium.googlesource.com/chromium/src/+/main/third_party/rust/chromium_crates_io/supply-chain/audits.toml?format=TEXT"

[[audits.google.audits.quick-error]]
who = "George Burgess IV <gbiv@google.com>"
criteria = "safe-to-run"
version = "1.2.3"
aggregated-from = "https://chromium.googlesource.com/chromiumos/third_party/rust_crates/+/refs/heads/main/cargo-vet/audits.toml?format=TEXT"

[[audits.google.audits.tempfile]]
who = "Ying Hsu <yinghsu@chromium.org>"
criteria = "safe-to-run"
version = "3.10.1"
aggregated-from = "https://chromium.googlesource.com/chromiumos/third_party/rust_crates/+/refs/heads/main/cargo-vet/audits.toml?format=TEXT"

[[audits.google.audits.wait-timeout]]
who = "George Burgess IV <gbiv@google.com>"
criteria = "safe-to-run"
version = "0.2.0"
aggregated-from = "https://chromium.googlesource.com/chromiumos/third_party/rust_crates/+/refs/heads/main/cargo-vet/audits.toml?format=TEXT"

[[audits.mozilla.wildcard-audits.unicode-xid]]
who = "Manish Goregaokar <manishsmail@gmail.com>"
criteria = "safe-to-deploy"
user-id = 1139 # Manish Goregaokar (Manishearth)
start = "2019-07-25"
end = "2026-02-01"
notes = "All code written or reviewed by Manish"
aggregated-from = "https://hg.mozilla.org/mozilla-central/raw-file/tip/supply-chain/audits.toml"

[[audits.mozilla.audits.android_system_properties]]
who = "Nicolas Silva <nical@fastmail.com>"
criteria = "safe-to-deploy"
version = "0.1.2"
notes = "I wrote this crate, reviewed by jimb. It is mostly a Rust port of some C++ code we already ship."
aggregated-from = "https://hg.mozilla.org/mozilla-central/raw-file/tip/supply-chain/audits.toml"

[[audits.mozilla.audits.android_system_properties]]
who = "Mike Hommey <mh+mozilla@glandium.org>"
criteria = "safe-to-deploy"
delta = "0.1.2 -> 0.1.4"
aggregated-from = "https://hg.mozilla.org/mozilla-central/raw-file/tip/supply-chain/audits.toml"

[[audits.mozilla.audits.android_system_properties]]
who = "Mike Hommey <mh+mozilla@glandium.org>"
criteria = "safe-to-deploy"
delta = "0.1.4 -> 0.1.5"
aggregated-from = "https://hg.mozilla.org/mozilla-central/raw-file/tip/supply-chain/audits.toml"

[[audits.mozilla.audits.bit-set]]
who = "Aria Beingessner <a.beingessner@gmail.com>"
criteria = "safe-to-deploy"
version = "0.5.2"
notes = "Another crate I own via contain-rs that is ancient and maintenance mode, no known issues."
aggregated-from = "https://hg.mozilla.org/mozilla-central/raw-file/tip/supply-chain/audits.toml"

[[audits.mozilla.audits.bit-set]]
who = "Mike Hommey <mh+mozilla@glandium.org>"
criteria = "safe-to-deploy"
delta = "0.5.2 -> 0.5.3"
aggregated-from = "https://hg.mozilla.org/mozilla-central/raw-file/tip/supply-chain/audits.toml"

[[audits.mozilla.audits.bit-set]]
who = "Teodor Tanasoaia <ttanasoaia@mozilla.com>"
criteria = "safe-to-deploy"
delta = "0.5.3 -> 0.6.0"
aggregated-from = "https://hg.mozilla.org/mozilla-central/raw-file/tip/supply-chain/audits.toml"

[[audits.mozilla.audits.bit-set]]
who = "Jim Blandy <jimb@red-bean.com>"
criteria = "safe-to-deploy"
delta = "0.6.0 -> 0.8.0"
aggregated-from = "https://hg.mozilla.org/mozilla-central/raw-file/tip/supply-chain/audits.toml"

[[audits.mozilla.audits.bit-vec]]
who = "Aria Beingessner <a.beingessner@gmail.com>"
criteria = "safe-to-deploy"
version = "0.6.3"
notes = "Another crate I own via contain-rs that is ancient and in maintenance mode but otherwise perfectly fine."
aggregated-from = "https://hg.mozilla.org/mozilla-central/raw-file/tip/supply-chain/audits.toml"

[[audits.mozilla.audits.bit-vec]]
who = "Teodor Tanasoaia <ttanasoaia@mozilla.com>"
criteria = "safe-to-deploy"
delta = "0.6.3 -> 0.7.0"
aggregated-from = "https://hg.mozilla.org/mozilla-central/raw-file/tip/supply-chain/audits.toml"

[[audits.mozilla.audits.bit-vec]]
who = "Jim Blandy <jimb@red-bean.com>"
criteria = "safe-to-deploy"
delta = "0.7.0 -> 0.8.0"
aggregated-from = "https://hg.mozilla.org/mozilla-central/raw-file/tip/supply-chain/audits.toml"

[[audits.mozilla.audits.fnv]]
who = "Bobby Holley <bobbyholley@gmail.com>"
criteria = "safe-to-deploy"
version = "1.0.7"
notes = "Simple hasher implementation with no unsafe code."
aggregated-from = "https://hg.mozilla.org/mozilla-central/raw-file/tip/supply-chain/audits.toml"

[[audits.mozilla.audits.log]]
who = "Erich Gubler <erichdongubler@gmail.com>"
criteria = "safe-to-deploy"
delta = "0.4.26 -> 0.4.29"
aggregated-from = "https://hg.mozilla.org/mozilla-central/raw-file/tip/supply-chain/audits.toml"

[[audits.mozilla.audits.shlex]]
who = "Max Inden <mail@max-inden.de>"
criteria = "safe-to-deploy"
delta = "1.1.0 -> 1.3.0"
aggregated-from = "https://hg.mozilla.org/mozilla-central/raw-file/tip/supply-chain/audits.toml"

[[audits.mozilla.audits.tempfile]]
who = "Chris Martin <cmartin@mozilla.com>"
criteria = "safe-to-deploy"
delta = "3.10.1 -> 3.16.0"
notes = "Big change, but nothing unsafe and lots of it is documentation and convenience APIs"
aggregated-from = "https://hg.mozilla.org/mozilla-central/raw-file/tip/supply-chain/audits.toml"

[[audits.mozilla.audits.tempfile]]
who = "Jim Blandy <jimb@red-bean.com>"
criteria = "safe-to-deploy"
delta = "3.16.0 -> 3.27.0"
aggregated-from = "https://hg.mozilla.org/mozilla-central/raw-file/tip/supply-chain/audits.toml"

[[audits.mozilla.audits.wait-timeout]]
who = "Jan-Erik Rediger <jrediger@mozilla.com>"
criteria = "safe-to-run"
delta = "0.2.0 -> 0.2.1"
aggregated-from = "https://raw.githubusercontent.com/mozilla/glean/main/supply-chain/audits.toml"
